
Microsoft Visual Studio Solution File, Format Version 12.00
# Visual Studio Version 16
VisualStudioVersion = 16.0.29728.190
MinimumVisualStudioVersion = 10.0.40219.1
Project("{FAE04EC0-301F-11D3-BF4B-00C04F79EFBC}") = "Navigation-Styles.Android", "Navigation-Styles\Navigation-Styles.Android\Navigation-Styles.Android.csproj", "{E02FB1EC-343A-4F21-8651-CF04F4D9EBA2}"
EndProject
Project("{FAE04EC0-301F-11D3-BF4B-00C04F79EFBC}") = "Navigation-Styles.iOS", "Navigation-Styles\Navigation-Styles.iOS\Navigation-Styles.iOS.csproj", "{A7F91B92-0B48-4ACC-A4DD-AC96C10EED90}"
EndProject
Project("{FAE04EC0-301F-11D3-BF4B-00C04F79EFBC}") = "Navigation-Styles", "Navigation-Styles\Navigation-Styles\Navigation-Styles.csproj", "{758F4025-FFE7-4D88-8C66-F81AC959A2B2}"
EndProject
Global
	GlobalSection(SolutionConfigurationPlatforms) = preSolution
		Debug|Any CPU = Debug|Any CPU
		Debug|iPhone = Debug|iPhone
		Debug|iPhoneSimulator = Debug|iPhoneSimulator
		Release|Any CPU = Release|Any CPU
		Release|iPhone = Release|iPhone
		Release|iPhoneSimulator = Release|iPhoneSimulator
	EndGlobalSection
	GlobalSection(ProjectConfigurationPlatforms) = postSolution
		{E02FB1EC-343A-4F21-8651-CF04F4D9EBA2}.Debug|Any CPU.ActiveCfg = Debug|Any CPU
		{E02FB1EC-343A-4F21-8651-CF04F4D9EBA2}.Debug|Any CPU.Build.0 = Debug|Any CPU
		{E02FB1EC-343A-4F21-8651-CF04F4D9EBA2}.Debug|Any CPU.Deploy.0 = Debug|Any CPU
		{E02FB1EC-343A-4F21-8651-CF04F4D9EBA2}.Debug|iPhone.ActiveCfg = Debug|Any CPU
		{E02FB1EC-343A-4F21-8651-CF04F4D9EBA2}.Debug|iPhone.Build.0 = Debug|Any CPU
		{E02FB1EC-343A-4F21-8651-CF04F4D9EBA2}.Debug|iPhone.Deploy.0 = Debug|Any CPU
		{E02FB1EC-343A-4F21-8651-CF04F4D9EBA2}.Debug|iPhoneSimulator.ActiveCfg = Debug|Any CPU
		{E02FB1EC-343A-4F21-8651-CF04F4D9EBA2}.Debug|iPhoneSimulator.Build.0 = Debug|Any CPU
		{E02FB1EC-343A-4F21-8651-CF04F4D9EBA2}.Debug|iPhoneSimulator.Deploy.0 = Debug|Any CPU
		{E02FB1EC-343A-4F21-8651-CF04F4D9EBA2}.Release|Any CPU.ActiveCfg = Release|Any CPU
		{E02FB1EC-343A-4F21-8651-CF04F4D9EBA2}.Release|Any CPU.Build.0 = Release|Any CPU
		{E02FB1EC-343A-4F21-8651-CF04F4D9EBA2}.Release|Any CPU.Deploy.0 = Release|Any CPU
		{E02FB1EC-343A-4F21-8651-CF04F4D9EBA2}.Release|iPhone.ActiveCfg = Release|Any CPU
		{E02FB1EC-343A-4F21-8651-CF04F4D9EBA2}.Release|iPhone.Build.0 = Release|Any CPU
		{E02FB1EC-343A-4F21-8651-CF04F4D9EBA2}.Release|iPhone.Deploy.0 = Release|Any CPU
		{E02FB1EC-343A-4F21-8651-CF04F4D9EBA2}.Release|iPhoneSimulator.ActiveCfg = Release|Any CPU
		{E02FB1EC-343A-4F21-8651-CF04F4D9EBA2}.Release|iPhoneSimulator.Build.0 = Release|Any CPU
		{E02FB1EC-343A-4F21-8651-CF04F4D9EBA2}.Release|iPhoneSimulator.Deploy.0 = Release|Any CPU
		{A7F91B92-0B48-4ACC-A4DD-AC96C10EED90}.Debug|Any CPU.ActiveCfg = Debug|iPhoneSimulator
		{A7F91B92-0B48-4ACC-A4DD-AC96C10EED90}.Debug|Any CPU.Build.0 = Debug|iPhoneSimulator
		{A7F91B92-0B48-4ACC-A4DD-AC96C10EED90}.Debug|Any CPU.Deploy.0 = Debug|iPhoneSimulator
		{A7F91B92-0B48-4ACC-A4DD-AC96C10EED90}.Debug|iPhone.ActiveCfg = Debug|iPhone
		{A7F91B92-0B48-4ACC-A4DD-AC96C10EED90}.Debug|iPhone.Build.0 = Debug|iPhone
		{A7F91B92-0B48-4ACC-A4DD-AC96C10EED90}.Debug|iPhone.Deploy.0 = Debug|iPhone
		{A7F91B92-0B48-4ACC-A4DD-AC96C10EED90}.Debug|iPhoneSimulator.ActiveCfg = Debug|iPhoneSimulator
		{A7F91B92-0B48-4ACC-A4DD-AC96C10EED90}.Debug|iPhoneSimulator.Build.0 = Debug|iPhoneSimulator
		{A7F91B92-0B48-4ACC-A4DD-AC96C10EED90}.Debug|iPhoneSimulator.Deploy.0 = Debug|iPhoneSimulator
		{A7F91B92-0B48-4ACC-A4DD-AC96C10EED90}.Release|Any CPU.ActiveCfg = Release|iPhone
		{A7F91B92-0B48-4ACC-A4DD-AC96C10EED90}.Release|Any CPU.Build.0 = Release|iPhone
		{A7F91B92-0B48-4ACC-A4DD-AC96C10EED90}.Release|Any CPU.Deploy.0 = Release|iPhone
		{A7F91B92-0B48-4ACC-A4DD-AC96C10EED90}.Release|iPhone.ActiveCfg = Release|iPhone
		{A7F91B92-0B48-4ACC-A4DD-AC96C10EED90}.Release|iPhone.Build.0 = Release|iPhone
		{A7F91B92-0B48-4ACC-A4DD-AC96C10EED90}.Release|iPhone.Deploy.0 = Release|iPhone
		{A7F91B92-0B48-4ACC-A4DD-AC96C10EED90}.Release|iPhoneSimulator.ActiveCfg = Release|iPhoneSimulator
		{A7F91B92-0B48-4ACC-A4DD-AC96C10EED90}.Release|iPhoneSimulator.Build.0 = Release|iPhoneSimulator
		{A7F91B92-0B48-4ACC-A4DD-AC96C10EED90}.Release|iPhoneSimulator.Deploy.0 = Release|iPhoneSimulator
		{758F4025-FFE7-4D88-8C66-F81AC959A2B2}.Debug|Any CPU.ActiveCfg = Debug|Any CPU
		{758F4025-FFE7-4D88-8C66-F81AC959A2B2}.Debug|Any CPU.Build.0 = Debug|Any CPU
		{758F4025-FFE7-4D88-8C66-F81AC959A2B2}.Debug|Any CPU.Deploy.0 = Debug|Any CPU
		{758F4025-FFE7-4D88-8C66-F81AC959A2B2}.Debug|iPhone.ActiveCfg = Debug|Any CPU
		{758F4025-FFE7-4D88-8C66-F81AC959A2B2}.Debug|iPhone.Build.0 = Debug|Any CPU
		{758F4025-FFE7-4D88-8C66-F81AC959A2B2}.Debug|iPhone.Deploy.0 = Debug|Any CPU
		{758F4025-FFE7-4D88-8C66-F81AC959A2B2}.Debug|iPhoneSimulator.ActiveCfg = Debug|Any CPU
		{758F4025-FFE7-4D88-8C66-F81AC959A2B2}.Debug|iPhoneSimulator.Build.0 = Debug|Any CPU
		{758F4025-FFE7-4D88-8C66-F81AC959A2B2}.Debug|iPhoneSimulator.Deploy.0 = Debug|Any CPU
		{758F4025-FFE7-4D88-8C66-F81AC959A2B2}.Release|Any CPU.ActiveCfg = Release|Any CPU
		{758F4025-FFE7-4D88-8C66-F81AC959A2B2}.Release|Any CPU.Build.0 = Release|Any CPU
		{758F4025-FFE7-4D88-8C66-F81AC959A2B2}.Release|Any CPU.Deploy.0 = Release|Any CPU
		{758F4025-FFE7-4D88-8C66-F81AC959A2B2}.Release|iPhone.ActiveCfg = Release|Any CPU
		{758F4025-FFE7-4D88-8C66-F81AC959A2B2}.Release|iPhone.Build.0 = Release|Any CPU
		{758F4025-FFE7-4D88-8C66-F81AC959A2B2}.Release|iPhone.Deploy.0 = Release|Any CPU
		{758F4025-FFE7-4D88-8C66-F81AC959A2B2}.Release|iPhoneSimulator.ActiveCfg = Release|Any CPU
		{758F4025-FFE7-4D88-8C66-F81AC959A2B2}.Release|iPhoneSimulator.Build.0 = Release|Any CPU
		{758F4025-FFE7-4D88-8C66-F81AC959A2B2}.Release|iPhoneSimulator.Deploy.0 = Release|Any CPU
	EndGlobalSection
	GlobalSection(SolutionProperties) = preSolution
		HideSolutionNode = FALSE
	EndGlobalSection
	GlobalSection(ExtensibilityGlobals) = postSolution
		SolutionGuid = {180292CB-B622-4928-9563-38752E6ED87A}
	EndGlobalSection
EndGlobal
